
Microsoft Visual Studio Solution File, Format Version 12.00
# Visual Studio Version 16
VisualStudioVersion = 16.0.31205.134
MinimumVisualStudioVersion = 10.0.40219.1
Project("{FAE04EC0-301F-11D3-BF4B-00C04F79EFBC}") = "Users 14.05.21", "Users 14.05.21\Users 14.05.21.csproj", "{A5CCA025-8C12-4094-A098-582B6A181D8E}"
EndProject
Global
	GlobalSection(SolutionConfigurationPlatforms) = preSolution
		Debug|Any CPU = Debug|Any CPU
		Release|Any CPU = Release|Any CPU
	EndGlobalSection
	GlobalSection(ProjectConfigurationPlatforms) = postSolution
		{A5CCA025-8C12-4094-A098-582B6A181D8E}.Debug|Any CPU.ActiveCfg = Debug|Any CPU
		{A5CCA025-8C12-4094-A098-582B6A181D8E}.Debug|Any CPU.Build.0 = Debug|Any CPU
		{A5CCA025-8C12-4094-A098-582B6A181D8E}.Release|Any CPU.ActiveCfg = Release|Any CPU
		{A5CCA025-8C12-4094-A098-582B6A181D8E}.Release|Any CPU.Build.0 = Release|Any CPU
	EndGlobalSection
	GlobalSection(SolutionProperties) = preSolution
		HideSolutionNode = FALSE
	EndGlobalSection
	GlobalSection(ExtensibilityGlobals) = postSolution
		SolutionGuid = {753C0DB3-1D3F-4D86-8CB3-4E92CBD8A9E5}
	EndGlobalSection
EndGlobal
