
Microsoft Visual Studio Solution File, Format Version 12.00
# Visual Studio Version 16
VisualStudioVersion = 16.0.31205.134
MinimumVisualStudioVersion = 10.0.40219.1
Project("{FAE04EC0-301F-11D3-BF4B-00C04F79EFBC}") = "Registration fifth 10.05.21", "Registration fifth 10.05.21\Registration fifth 10.05.21.csproj", "{B9F71D43-4A68-44B6-82A0-7C1624E34251}"
EndProject
Global
	GlobalSection(SolutionConfigurationPlatforms) = preSolution
		Debug|Any CPU = Debug|Any CPU
		Release|Any CPU = Release|Any CPU
	EndGlobalSection
	GlobalSection(ProjectConfigurationPlatforms) = postSolution
		{B9F71D43-4A68-44B6-82A0-7C1624E34251}.Debug|Any CPU.ActiveCfg = Debug|Any CPU
		{B9F71D43-4A68-44B6-82A0-7C1624E34251}.Debug|Any CPU.Build.0 = Debug|Any CPU
		{B9F71D43-4A68-44B6-82A0-7C1624E34251}.Release|Any CPU.ActiveCfg = Release|Any CPU
		{B9F71D43-4A68-44B6-82A0-7C1624E34251}.Release|Any CPU.Build.0 = Release|Any CPU
	EndGlobalSection
	GlobalSection(SolutionProperties) = preSolution
		HideSolutionNode = FALSE
	EndGlobalSection
	GlobalSection(ExtensibilityGlobals) = postSolution
		SolutionGuid = {363584D3-9AFF-47FD-9D1D-6D8DF8E2854D}
	EndGlobalSection
EndGlobal
